
Microsoft Visual Studio Solution File, Format Version 12.00
# Visual Studio Version 17
VisualStudioVersion = 17.5.33530.505
MinimumVisualStudioVersion = 10.0.40219.1
Project("{FAE04EC0-301F-11D3-BF4B-00C04F79EFBC}") = "WebApp", "WebApp.csproj", "{B7EC144A-E7FF-408F-AA75-59AF6E3C590E}"
EndProject
Project("{9A19103F-16F7-4668-BE54-9A1E7A4F7556}") = "Dominio", "..\Dominio\Dominio.csproj", "{023F2597-98B4-4B66-A62C-28C0E0F8D4F2}"
EndProject
Project("{FAE04EC0-301F-11D3-BF4B-00C04F79EFBC}") = "Servicios", "..\Servicios\Servicios.csproj", "{09EE748B-AAC1-42C5-A159-63577C8FD1A6}"
EndProject
Project("{FAE04EC0-301F-11D3-BF4B-00C04F79EFBC}") = "DataAccess", "..\DataAccess\DataAccess.csproj", "{DDE2B243-715A-49E4-B2C6-C49622DA2E2C}"
EndProject
Global
	GlobalSection(SolutionConfigurationPlatforms) = preSolution
		Debug|Any CPU = Debug|Any CPU
		Release|Any CPU = Release|Any CPU
	EndGlobalSection
	GlobalSection(ProjectConfigurationPlatforms) = postSolution
		{B7EC144A-E7FF-408F-AA75-59AF6E3C590E}.Debug|Any CPU.ActiveCfg = Debug|Any CPU
		{B7EC144A-E7FF-408F-AA75-59AF6E3C590E}.Debug|Any CPU.Build.0 = Debug|Any CPU
		{B7EC144A-E7FF-408F-AA75-59AF6E3C590E}.Release|Any CPU.ActiveCfg = Release|Any CPU
		{B7EC144A-E7FF-408F-AA75-59AF6E3C590E}.Release|Any CPU.Build.0 = Release|Any CPU
		{023F2597-98B4-4B66-A62C-28C0E0F8D4F2}.Debug|Any CPU.ActiveCfg = Debug|Any CPU
		{023F2597-98B4-4B66-A62C-28C0E0F8D4F2}.Debug|Any CPU.Build.0 = Debug|Any CPU
		{023F2597-98B4-4B66-A62C-28C0E0F8D4F2}.Release|Any CPU.ActiveCfg = Release|Any CPU
		{023F2597-98B4-4B66-A62C-28C0E0F8D4F2}.Release|Any CPU.Build.0 = Release|Any CPU
		{09EE748B-AAC1-42C5-A159-63577C8FD1A6}.Debug|Any CPU.ActiveCfg = Debug|Any CPU
		{09EE748B-AAC1-42C5-A159-63577C8FD1A6}.Debug|Any CPU.Build.0 = Debug|Any CPU
		{09EE748B-AAC1-42C5-A159-63577C8FD1A6}.Release|Any CPU.ActiveCfg = Release|Any CPU
		{09EE748B-AAC1-42C5-A159-63577C8FD1A6}.Release|Any CPU.Build.0 = Release|Any CPU
		{DDE2B243-715A-49E4-B2C6-C49622DA2E2C}.Debug|Any CPU.ActiveCfg = Debug|Any CPU
		{DDE2B243-715A-49E4-B2C6-C49622DA2E2C}.Debug|Any CPU.Build.0 = Debug|Any CPU
		{DDE2B243-715A-49E4-B2C6-C49622DA2E2C}.Release|Any CPU.ActiveCfg = Release|Any CPU
		{DDE2B243-715A-49E4-B2C6-C49622DA2E2C}.Release|Any CPU.Build.0 = Release|Any CPU
	EndGlobalSection
	GlobalSection(SolutionProperties) = preSolution
		HideSolutionNode = FALSE
	EndGlobalSection
	GlobalSection(ExtensibilityGlobals) = postSolution
		SolutionGuid = {BC3C85E1-3B78-4D99-90E5-8F5C4BC7B1CC}
	EndGlobalSection
EndGlobal
